{"1.2.0",
[{<<"bear">>,{pkg,<<"bear">>,<<"1.0.0">>},3},
 {<<"cool_tools">>,
  {git,"https://github.com/yangcancai/cool_tools.git",
       {ref,"938fd677c424355797b50daf4ed0fb0ed344454b"}},
  0},
 {<<"eredis">>,
  {git,"https://github.com/wooga/eredis.git",
       {ref,"9ad91f149310a7d002cb966f62b7e2c3330abb04"}},
  0},
 {<<"exometer_core">>,{pkg,<<"exometer_core">>,<<"1.6.0">>},1},
 {<<"flatlog">>,
  {git,"https://github.com/ferd/flatlog.git",
       {ref,"19304ca67af9a9d365d62f808c329bdf3d2471f1"}},
  1},
 {<<"folsom">>,{pkg,<<"folsom">>,<<"1.0.0">>},2},
 {<<"goldrush">>,{pkg,<<"goldrush">>,<<"0.1.9">>},1},
 {<<"hut">>,{pkg,<<"hut">>,<<"1.3.0">>},2},
 {<<"jiffy">>,{pkg,<<"jiffy">>,<<"1.0.8">>},1},
 {<<"lager">>,{pkg,<<"lager">>,<<"3.9.1">>},0},
 {<<"observer_cli">>,{pkg,<<"observer_cli">>,<<"1.6.1">>},0},
 {<<"pa">>,
  {git,"https://github.com/erszcz/pa.git",
       {ref,"84b73c33bc9c95b64ef99cead65278f3a91bc635"}},
  1},
 {<<"parse_trans">>,{pkg,<<"parse_trans">>,<<"3.4.1">>},2},
 {<<"proper">>,
  {git,"https://github.com/manopapad/proper.git",
       {ref,"5f0d69c831b6c9f52535c3d1846efca480f6190d"}},
  2},
 {<<"quickrand">>,
  {git,"https://github.com/okeuday/quickrand.git",
       {ref,"036f1a2037de541302438f7d0a31d5122aae98e2"}},
  2},
 {<<"recon">>,{pkg,<<"recon">>,<<"2.5.1">>},1},
 {<<"setup">>,{pkg,<<"setup">>,<<"2.1.0">>},2},
 {<<"uuid">>,
  {git,"https://github.com/okeuday/uuid.git",
       {ref,"8e8a34e52817ab9e2a9378cf3b8ddeeed7b3cbae"}},
  1}]}.
[
{pkg_hash,[
 {<<"bear">>, <<"430419C1126B477686CDE843E88BA0F2C7DC5CDF0881C677500074F704339A99">>},
 {<<"exometer_core">>, <<"7E1D4D8D05FE4E33B96EBA366B4A7C85F0E023573CAF297F13E83CF17A5E3941">>},
 {<<"folsom">>, <<"50ECC998D2149939F1D5E0AA3E32788F8ED16A58E390D81B5C0BE4CC4EF25589">>},
 {<<"goldrush">>, <<"F06E5D5F1277DA5C413E84D5A2924174182FB108DABB39D5EC548B27424CD106">>},
 {<<"hut">>, <<"71F2F054E657C03F959CF1ACC43F436EA87580696528CA2A55C8AFB1B06C85E7">>},
 {<<"jiffy">>, <<"60E36F00BE35E5AC6E6CF2D4CAF3BDF3103D4460AFF385F543A8D7DF2D6D9613">>},
 {<<"lager">>, <<"5885BC71308CD38F9D025C8ECDE4E5CCE1CE8565F80BFC6199865C845D6DBE95">>},
 {<<"observer_cli">>, <<"D176F967C978AB8B8A29C35C12524F78B7BB36FD4E9B8276DD75C9CB56E07E42">>},
 {<<"parse_trans">>, <<"6E6AA8167CB44CC8F39441D05193BE6E6F4E7C2946CB2759F015F8C56B76E5FF">>},
 {<<"recon">>, <<"430FFA60685AC1EFDFB1FE4C97B8767C92D0D92E6E7C3E8621559BA77598678A">>},
 {<<"setup">>, <<"05F69185A5EB71474C9BC6BA892565651EC7507791F85632B7B914DBFE130510">>}]},
{pkg_hash_ext,[
 {<<"bear">>, <<"157B67901ADF84FF0DA6EAE035CA1292A0AC18AA55148154D8C582B2C68959DB">>},
 {<<"exometer_core">>, <<"B539E97DBB3137E0FE0B782C561CACB64C9704CB3F19451442B6FDF46DB95B38">>},
 {<<"folsom">>, <<"DD6AB97278E94F9E4CFC43E188224A7B8C7EAEC0DD2E935007005177F3EEBB0E">>},
 {<<"goldrush">>, <<"99CB4128CFFCB3227581E5D4D803D5413FA643F4EB96523F77D9E6937D994CEB">>},
 {<<"hut">>, <<"7E15D28555D8A1F2B5A3A931EC120AF0753E4853A4C66053DB354F35BF9AB563">>},
 {<<"jiffy">>, <<"F9AE986BA5A0854EB48CF6A76192D9367086DA86C20197DA430630BE7C087A4E">>},
 {<<"lager">>, <<"3F59BA75A04A99E5F18BF91C89F46DCE536F83C6CB415FE26E6E75A62BEF37DC">>},
 {<<"observer_cli">>, <<"3418E319764B9DFF1F469E43CBDFFD7FD54EA47CBF765027C557ABD146A19FB3">>},
 {<<"parse_trans">>, <<"620A406CE75DADA827B82E453C19CF06776BE266F5A67CFF34E1EF2CBB60E49A">>},
 {<<"recon">>, <<"5721C6B6D50122D8F68CCCAC712CAA1231F97894BAB779EFF5FF0F886CB44648">>},
 {<<"setup">>, <<"EFD072578F0CF85BEA96CAAFFC7ADB0992398272522660A136E10567377071C5">>}]}
].
