{"1.2.0",
[{<<"eredis">>,
  {git,"https://github.com/wooga/eredis.git",
       {ref,"9ad91f149310a7d002cb966f62b7e2c3330abb04"}},
  0},
 {<<"goldrush">>,{pkg,<<"goldrush">>,<<"0.1.9">>},1},
 {<<"lager">>,{pkg,<<"lager">>,<<"3.9.1">>},0},
 {<<"observer_cli">>,{pkg,<<"observer_cli">>,<<"1.6.1">>},0},
 {<<"recon">>,{pkg,<<"recon">>,<<"2.5.1">>},1}]}.
[
{pkg_hash,[
 {<<"goldrush">>, <<"F06E5D5F1277DA5C413E84D5A2924174182FB108DABB39D5EC548B27424CD106">>},
 {<<"lager">>, <<"5885BC71308CD38F9D025C8ECDE4E5CCE1CE8565F80BFC6199865C845D6DBE95">>},
 {<<"observer_cli">>, <<"D176F967C978AB8B8A29C35C12524F78B7BB36FD4E9B8276DD75C9CB56E07E42">>},
 {<<"recon">>, <<"430FFA60685AC1EFDFB1FE4C97B8767C92D0D92E6E7C3E8621559BA77598678A">>}]},
{pkg_hash_ext,[
 {<<"goldrush">>, <<"99CB4128CFFCB3227581E5D4D803D5413FA643F4EB96523F77D9E6937D994CEB">>},
 {<<"lager">>, <<"3F59BA75A04A99E5F18BF91C89F46DCE536F83C6CB415FE26E6E75A62BEF37DC">>},
 {<<"observer_cli">>, <<"3418E319764B9DFF1F469E43CBDFFD7FD54EA47CBF765027C557ABD146A19FB3">>},
 {<<"recon">>, <<"5721C6B6D50122D8F68CCCAC712CAA1231F97894BAB779EFF5FF0F886CB44648">>}]}
].
